<?xml version="1.0" encoding="utf-8"?>
<Project ToolsVersion="4.0" xmlns="http://schemas.microsoft.com/developer/msbuild/2003">
  <ItemGroup>
    <Filter Include="소스 파일">
      <UniqueIdentifier>{4FC737F1-C7A5-4376-A066-2A32D752A2FF}</UniqueIdentifier>
      <Extensions>cpp;c;cc;cxx;c++;cppm;ixx;def;odl;idl;hpj;bat;asm;asmx</Extensions>
    </Filter>
    <Filter Include="헤더 파일">
      <UniqueIdentifier>{93995380-89BD-4b04-88EB-625FBE52EBFB}</UniqueIdentifier>
      <Extensions>h;hh;hpp;hxx;h++;hm;inl;inc;ipp;xsd</Extensions>
    </Filter>
    <Filter Include="리소스 파일">
      <UniqueIdentifier>{67DA6AB6-F800-4c08-8B7A-83BB121AAD01}</UniqueIdentifier>
      <Extensions>rc;ico;cur;bmp;dlg;rc2;rct;bin;rgs;gif;jpg;jpeg;jpe;resx;tiff;tif;png;wav;mfcribbon-ms</Extensions>
    </Filter>
    <Filter Include="소스 파일\Tutorial">
      <UniqueIdentifier>{b6ad3ad2-16b7-4b76-bfda-89b1e508189a}</UniqueIdentifier>
    </Filter>
    <Filter Include="소스 파일\OuterLib">
      <UniqueIdentifier>{16aef83f-cc65-4b1b-bc5c-38617c4b253c}</UniqueIdentifier>
    </Filter>
    <Filter Include="헤더 파일\OuterLib">
      <UniqueIdentifier>{c5bee752-f187-4024-a980-210bc2e9dd7d}</UniqueIdentifier>
    </Filter>
    <Filter Include="소스 파일\KMGLib">
      <UniqueIdentifier>{43ba4bda-c5df-4643-ad0d-d74e13ded444}</UniqueIdentifier>
    </Filter>
    <Filter Include="헤더 파일\KMGLib">
      <UniqueIdentifier>{3e210296-6c14-447c-93c6-efb068baf200}</UniqueIdentifier>
    </Filter>
  </ItemGroup>
  <ItemGroup>
    <ClCompile Include="KMGEngine.cpp">
      <Filter>소스 파일</Filter>
    </ClCompile>
    <ClCompile Include="OuterLib\DDSTextureLoader.cpp">
      <Filter>소스 파일\OuterLib</Filter>
    </ClCompile>
    <ClCompile Include="KMGLib\KMGRender.cpp">
      <Filter>소스 파일\KMGLib</Filter>
    </ClCompile>
    <ClCompile Include="KMGLib\EngineData.cpp">
      <Filter>소스 파일</Filter>
    </ClCompile>
    <ClCompile Include="KMGLib\KMGActor.cpp">
      <Filter>소스 파일\KMGLib</Filter>
    </ClCompile>
    <ClCompile Include="ImGuiExample.cpp">
      <Filter>소스 파일</Filter>
    </ClCompile>
    <ClCompile Include="OuterLib\imgui.cpp">
      <Filter>소스 파일\OuterLib</Filter>
    </ClCompile>
    <ClCompile Include="OuterLib\imgui_demo.cpp">
      <Filter>소스 파일\OuterLib</Filter>
    </ClCompile>
    <ClCompile Include="OuterLib\imgui_draw.cpp">
      <Filter>소스 파일\OuterLib</Filter>
    </ClCompile>
    <ClCompile Include="OuterLib\imgui_impl_dx11.cpp">
      <Filter>소스 파일\OuterLib</Filter>
    </ClCompile>
    <ClCompile Include="OuterLib\imgui_impl_win32.cpp">
      <Filter>소스 파일\OuterLib</Filter>
    </ClCompile>
    <ClCompile Include="OuterLib\imgui_tables.cpp">
      <Filter>소스 파일\OuterLib</Filter>
    </ClCompile>
    <ClCompile Include="OuterLib\imgui_widgets.cpp">
      <Filter>소스 파일\OuterLib</Filter>
    </ClCompile>
    <ClCompile Include="test.cpp">
      <Filter>소스 파일</Filter>
    </ClCompile>
    <ClCompile Include="KMGLib\KMGScene.cpp">
      <Filter>소스 파일\KMGLib</Filter>
    </ClCompile>
    <ClCompile Include="KMGLib\KMGDataStructure.cpp">
      <Filter>소스 파일\KMGLib</Filter>
    </ClCompile>
    <ClCompile Include="KMGLib\CommandSchedular.cpp">
      <Filter>소스 파일\KMGLib</Filter>
    </ClCompile>
    <ClCompile Include="KMGLib\QueueCommand.cpp">
      <Filter>소스 파일\KMGLib</Filter>
    </ClCompile>
    <ClCompile Include="KMGLib\UseAssimp.cpp">
      <Filter>소스 파일\KMGLib</Filter>
    </ClCompile>
    <ClCompile Include="KMGLib\KMGCamera.cpp">
      <Filter>소스 파일\KMGLib</Filter>
    </ClCompile>
    <ClCompile Include="KMGLib\DirectX11Run.cpp">
      <Filter>소스 파일\KMGLib</Filter>
    </ClCompile>
  </ItemGroup>
  <ItemGroup>
    <ClInclude Include="EngineData.h">
      <Filter>헤더 파일</Filter>
    </ClInclude>
    <ClInclude Include="OuterLib\DDSTextureLoader.h">
      <Filter>헤더 파일\OuterLib</Filter>
    </ClInclude>
    <ClInclude Include="KMGLib\KMGRender.h">
      <Filter>헤더 파일\KMGLib</Filter>
    </ClInclude>
    <ClInclude Include="KMGLib\KMGActor.h">
      <Filter>헤더 파일\KMGLib</Filter>
    </ClInclude>
    <ClInclude Include="OuterLib\imconfig.h">
      <Filter>헤더 파일\OuterLib</Filter>
    </ClInclude>
    <ClInclude Include="OuterLib\imgui.h">
      <Filter>헤더 파일\OuterLib</Filter>
    </ClInclude>
    <ClInclude Include="OuterLib\imgui_impl_dx11.h">
      <Filter>헤더 파일\OuterLib</Filter>
    </ClInclude>
    <ClInclude Include="OuterLib\imgui_impl_win32.h">
      <Filter>헤더 파일\OuterLib</Filter>
    </ClInclude>
    <ClInclude Include="OuterLib\imgui_internal.h">
      <Filter>헤더 파일\OuterLib</Filter>
    </ClInclude>
    <ClInclude Include="OuterLib\imstb_rectpack.h">
      <Filter>헤더 파일\OuterLib</Filter>
    </ClInclude>
    <ClInclude Include="OuterLib\imstb_textedit.h">
      <Filter>헤더 파일\OuterLib</Filter>
    </ClInclude>
    <ClInclude Include="OuterLib\imstb_truetype.h">
      <Filter>헤더 파일\OuterLib</Filter>
    </ClInclude>
    <ClInclude Include="KMGLib\KMGScene.h">
      <Filter>헤더 파일\KMGLib</Filter>
    </ClInclude>
    <ClInclude Include="KMGLib\KMGDataStructure.h">
      <Filter>헤더 파일\KMGLib</Filter>
    </ClInclude>
    <ClInclude Include="KMGLib\CommandSchedular.h">
      <Filter>헤더 파일\KMGLib</Filter>
    </ClInclude>
    <ClInclude Include="KMGLib\QueueCommand.h">
      <Filter>헤더 파일\KMGLib</Filter>
    </ClInclude>
    <ClInclude Include="KMGLib\UseAssimp.h">
      <Filter>헤더 파일\KMGLib</Filter>
    </ClInclude>
    <ClInclude Include="KMGLib\KMGCamera.h">
      <Filter>헤더 파일\KMGLib</Filter>
    </ClInclude>
    <ClInclude Include="KMGLib\DirectX11Run.h">
      <Filter>헤더 파일\KMGLib</Filter>
    </ClInclude>
  </ItemGroup>
  <ItemGroup>
    <FxCompile Include="KMGLib\ShaderShared.hlsl">
      <Filter>리소스 파일</Filter>
    </FxCompile>
  </ItemGroup>
  <ItemGroup>
    <None Include="KMGLib\VertexShader.hlsli">
      <Filter>리소스 파일</Filter>
    </None>
    <None Include="KMGLib\PixelShader.hlsli">
      <Filter>리소스 파일</Filter>
    </None>
  </ItemGroup>
</Project>